// !$*UTF8*$!
{
	archiveVersion = 1;
	classes = {
	};
	objectVersion = 51;
	objects = {

/* Begin PBXBuildFile section */
		23FC159E984DB8CA16449290 /* Pods_okenealsaTests.framework in Frameworks */ = {isa = PBXBuildFile; fileRef = 7F052F02F27D76C39357CDBA /* Pods_okenealsaTests.framework */; };
		A53C339423EF5AA800C64D68 /* addBackground.swift in Sources */ = {isa = PBXBuildFile; fileRef = A53C339323EF5AA800C64D68 /* addBackground.swift */; };
		A53C339623EF5F1700C64D68 /* blue_mizutama.jpg in Resources */ = {isa = PBXBuildFile; fileRef = A53C339523EF5F1700C64D68 /* blue_mizutama.jpg */; };
		A53C339A23EF608300C64D68 /* color.jpg in Resources */ = {isa = PBXBuildFile; fileRef = A53C339923EF608300C64D68 /* color.jpg */; };
		A53C339C23EF615300C64D68 /* background.jpg in Resources */ = {isa = PBXBuildFile; fileRef = A53C339B23EF615300C64D68 /* background.jpg */; };
		A53C339E23EF6F9400C64D68 /* ChoiceController.swift in Sources */ = {isa = PBXBuildFile; fileRef = A53C339D23EF6F9400C64D68 /* ChoiceController.swift */; };
		A53C33A023EF709100C64D68 /* color2.jpg in Resources */ = {isa = PBXBuildFile; fileRef = A53C339F23EF709100C64D68 /* color2.jpg */; };
		A53C33A223EF72DE00C64D68 /* color3.jpg in Resources */ = {isa = PBXBuildFile; fileRef = A53C33A123EF72DE00C64D68 /* color3.jpg */; };
		A53C33A423F1B6E300C64D68 /* DeleteController.swift in Sources */ = {isa = PBXBuildFile; fileRef = A53C33A323F1B6E300C64D68 /* DeleteController.swift */; };
		A53C33A623F204E300C64D68 /* parpul_mizutama.jpg in Resources */ = {isa = PBXBuildFile; fileRef = A53C33A523F204E300C64D68 /* parpul_mizutama.jpg */; };
		A53C33A823F2064800C64D68 /* delete.jpg in Resources */ = {isa = PBXBuildFile; fileRef = A53C33A723F2064700C64D68 /* delete.jpg */; };
		A55A9A3923D62FB400DF384E /* MonthGraphController.swift in Sources */ = {isa = PBXBuildFile; fileRef = A55A9A3823D62FB400DF384E /* MonthGraphController.swift */; };
		A55A9A3B23D6336E00DF384E /* MoneyManagementController.swift in Sources */ = {isa = PBXBuildFile; fileRef = A55A9A3A23D6336E00DF384E /* MoneyManagementController.swift */; };
		A5939D0B23E2072100136696 /* FoodExpensesController.swift in Sources */ = {isa = PBXBuildFile; fileRef = A5939D0A23E2072100136696 /* FoodExpensesController.swift */; };
		AC568F75238678B100D480B1 /* InputViewController.swift in Sources */ = {isa = PBXBuildFile; fileRef = AC568F74238678B100D480B1 /* InputViewController.swift */; };
		ACBF61BE2373B499003030D4 /* AppDelegate.swift in Sources */ = {isa = PBXBuildFile; fileRef = ACBF61BD2373B499003030D4 /* AppDelegate.swift */; };
		ACBF61C02373B499003030D4 /* ViewController.swift in Sources */ = {isa = PBXBuildFile; fileRef = ACBF61BF2373B499003030D4 /* ViewController.swift */; };
		ACBF61C32373B499003030D4 /* Main.storyboard in Resources */ = {isa = PBXBuildFile; fileRef = ACBF61C12373B499003030D4 /* Main.storyboard */; settings = {ASSET_TAGS = (inputSpending, ); }; };
		ACBF61C52373B49C003030D4 /* Assets.xcassets in Resources */ = {isa = PBXBuildFile; fileRef = ACBF61C42373B49C003030D4 /* Assets.xcassets */; };
		ACBF61C82373B49C003030D4 /* LaunchScreen.storyboard in Resources */ = {isa = PBXBuildFile; fileRef = ACBF61C62373B49C003030D4 /* LaunchScreen.storyboard */; };
		ACBF61D32373B49C003030D4 /* okenealsaTests.swift in Sources */ = {isa = PBXBuildFile; fileRef = ACBF61D22373B49C003030D4 /* okenealsaTests.swift */; };
		ACBF61DE2373B49C003030D4 /* okenealsaUITests.swift in Sources */ = {isa = PBXBuildFile; fileRef = ACBF61DD2373B49C003030D4 /* okenealsaUITests.swift */; };
		D26582D49B8A5D6F06EF166E /* Pods_okenealsa_okenealsaUITests.framework in Frameworks */ = {isa = PBXBuildFile; fileRef = 139D7B279C290FCD2C568636 /* Pods_okenealsa_okenealsaUITests.framework */; };
		EDBFA03ED5E7ACB928349F65 /* Pods_okenealsa.framework in Frameworks */ = {isa = PBXBuildFile; fileRef = F1C3F4B03FDD35862D38064D /* Pods_okenealsa.framework */; };
/* End PBXBuildFile section */

/* Begin PBXContainerItemProxy section */
		ACBF61CF2373B49C003030D4 /* PBXContainerItemProxy */ = {
			isa = PBXContainerItemProxy;
			containerPortal = ACBF61B22373B499003030D4 /* Project object */;
			proxyType = 1;
			remoteGlobalIDString = ACBF61B92373B499003030D4;
			remoteInfo = okenealsa;
		};
		ACBF61DA2373B49C003030D4 /* PBXContainerItemProxy */ = {
			isa = PBXContainerItemProxy;
			containerPortal = ACBF61B22373B499003030D4 /* Project object */;
			proxyType = 1;
			remoteGlobalIDString = ACBF61B92373B499003030D4;
			remoteInfo = okenealsa;
		};
/* End PBXContainerItemProxy section */

/* Begin PBXFileReference section */
		139D7B279C290FCD2C568636 /* Pods_okenealsa_okenealsaUITests.framework */ = {isa = PBXFileReference; explicitFileType = wrapper.framework; includeInIndex = 0; path = Pods_okenealsa_okenealsaUITests.framework; sourceTree = BUILT_PRODUCTS_DIR; };
		2484A8326993310768FFB60E /* Pods-okenealsaTests.debug.xcconfig */ = {isa = PBXFileReference; includeInIndex = 1; lastKnownFileType = text.xcconfig; name = "Pods-okenealsaTests.debug.xcconfig"; path = "Target Support Files/Pods-okenealsaTests/Pods-okenealsaTests.debug.xcconfig"; sourceTree = "<group>"; };
		43142990BAFFAC4555C60561 /* Pods-okenealsa.release.xcconfig */ = {isa = PBXFileReference; includeInIndex = 1; lastKnownFileType = text.xcconfig; name = "Pods-okenealsa.release.xcconfig"; path = "Target Support Files/Pods-okenealsa/Pods-okenealsa.release.xcconfig"; sourceTree = "<group>"; };
		68A5591F690499BFEDAABBDE /* Pods-okenealsa-okenealsaUITests.debug.xcconfig */ = {isa = PBXFileReference; includeInIndex = 1; lastKnownFileType = text.xcconfig; name = "Pods-okenealsa-okenealsaUITests.debug.xcconfig"; path = "Target Support Files/Pods-okenealsa-okenealsaUITests/Pods-okenealsa-okenealsaUITests.debug.xcconfig"; sourceTree = "<group>"; };
		6D5531C343C345BB19014B90 /* Pods-okenealsaTests.release.xcconfig */ = {isa = PBXFileReference; includeInIndex = 1; lastKnownFileType = text.xcconfig; name = "Pods-okenealsaTests.release.xcconfig"; path = "Target Support Files/Pods-okenealsaTests/Pods-okenealsaTests.release.xcconfig"; sourceTree = "<group>"; };
		7485037A2221908E58623957 /* Pods-okenealsa-okenealsaUITests.release.xcconfig */ = {isa = PBXFileReference; includeInIndex = 1; lastKnownFileType = text.xcconfig; name = "Pods-okenealsa-okenealsaUITests.release.xcconfig"; path = "Target Support Files/Pods-okenealsa-okenealsaUITests/Pods-okenealsa-okenealsaUITests.release.xcconfig"; sourceTree = "<group>"; };
		7F052F02F27D76C39357CDBA /* Pods_okenealsaTests.framework */ = {isa = PBXFileReference; explicitFileType = wrapper.framework; includeInIndex = 0; path = Pods_okenealsaTests.framework; sourceTree = BUILT_PRODUCTS_DIR; };
		A53C339323EF5AA800C64D68 /* addBackground.swift */ = {isa = PBXFileReference; lastKnownFileType = sourcecode.swift; path = addBackground.swift; sourceTree = "<group>"; };
		A53C339523EF5F1700C64D68 /* blue_mizutama.jpg */ = {isa = PBXFileReference; lastKnownFileType = image.jpeg; path = blue_mizutama.jpg; sourceTree = "<group>"; };
		A53C339923EF608300C64D68 /* color.jpg */ = {isa = PBXFileReference; lastKnownFileType = image.jpeg; path = color.jpg; sourceTree = "<group>"; };
		A53C339B23EF615300C64D68 /* background.jpg */ = {isa = PBXFileReference; lastKnownFileType = image.jpeg; path = background.jpg; sourceTree = "<group>"; };
		A53C339D23EF6F9400C64D68 /* ChoiceController.swift */ = {isa = PBXFileReference; lastKnownFileType = sourcecode.swift; path = ChoiceController.swift; sourceTree = "<group>"; };
		A53C339F23EF709100C64D68 /* color2.jpg */ = {isa = PBXFileReference; lastKnownFileType = image.jpeg; path = color2.jpg; sourceTree = "<group>"; };
		A53C33A123EF72DE00C64D68 /* color3.jpg */ = {isa = PBXFileReference; lastKnownFileType = image.jpeg; path = color3.jpg; sourceTree = "<group>"; };
		A53C33A323F1B6E300C64D68 /* DeleteController.swift */ = {isa = PBXFileReference; lastKnownFileType = sourcecode.swift; path = DeleteController.swift; sourceTree = "<group>"; };
		A53C33A523F204E300C64D68 /* parpul_mizutama.jpg */ = {isa = PBXFileReference; lastKnownFileType = image.jpeg; path = parpul_mizutama.jpg; sourceTree = "<group>"; };
		A53C33A723F2064700C64D68 /* delete.jpg */ = {isa = PBXFileReference; lastKnownFileType = image.jpeg; path = delete.jpg; sourceTree = "<group>"; };
		A55A9A3823D62FB400DF384E /* MonthGraphController.swift */ = {isa = PBXFileReference; lastKnownFileType = sourcecode.swift; path = MonthGraphController.swift; sourceTree = "<group>"; };
		A55A9A3A23D6336E00DF384E /* MoneyManagementController.swift */ = {isa = PBXFileReference; lastKnownFileType = sourcecode.swift; path = MoneyManagementController.swift; sourceTree = "<group>"; };
		A5939D0A23E2072100136696 /* FoodExpensesController.swift */ = {isa = PBXFileReference; lastKnownFileType = sourcecode.swift; path = FoodExpensesController.swift; sourceTree = "<group>"; };
		AC568F74238678B100D480B1 /* InputViewController.swift */ = {isa = PBXFileReference; lastKnownFileType = sourcecode.swift; path = InputViewController.swift; sourceTree = "<group>"; };
		ACBF61BA2373B499003030D4 /* okenealsa.app */ = {isa = PBXFileReference; explicitFileType = wrapper.application; includeInIndex = 0; path = okenealsa.app; sourceTree = BUILT_PRODUCTS_DIR; };
		ACBF61BD2373B499003030D4 /* AppDelegate.swift */ = {isa = PBXFileReference; lastKnownFileType = sourcecode.swift; path = AppDelegate.swift; sourceTree = "<group>"; };
		ACBF61BF2373B499003030D4 /* ViewController.swift */ = {isa = PBXFileReference; lastKnownFileType = sourcecode.swift; path = ViewController.swift; sourceTree = "<group>"; };
		ACBF61C22373B499003030D4 /* Base */ = {isa = PBXFileReference; lastKnownFileType = file.storyboard; name = Base; path = Base.lproj/Main.storyboard; sourceTree = "<group>"; };
		ACBF61C42373B49C003030D4 /* Assets.xcassets */ = {isa = PBXFileReference; lastKnownFileType = folder.assetcatalog; path = Assets.xcassets; sourceTree = "<group>"; };
		ACBF61C72373B49C003030D4 /* Base */ = {isa = PBXFileReference; lastKnownFileType = file.storyboard; name = Base; path = Base.lproj/LaunchScreen.storyboard; sourceTree = "<group>"; };
		ACBF61C92373B49C003030D4 /* Info.plist */ = {isa = PBXFileReference; lastKnownFileType = text.plist.xml; path = Info.plist; sourceTree = "<group>"; };
		ACBF61CE2373B49C003030D4 /* okenealsaTests.xctest */ = {isa = PBXFileReference; explicitFileType = wrapper.cfbundle; includeInIndex = 0; path = okenealsaTests.xctest; sourceTree = BUILT_PRODUCTS_DIR; };
		ACBF61D22373B49C003030D4 /* okenealsaTests.swift */ = {isa = PBXFileReference; lastKnownFileType = sourcecode.swift; path = okenealsaTests.swift; sourceTree = "<group>"; };
		ACBF61D42373B49C003030D4 /* Info.plist */ = {isa = PBXFileReference; lastKnownFileType = text.plist.xml; path = Info.plist; sourceTree = "<group>"; };
		ACBF61D92373B49C003030D4 /* okenealsaUITests.xctest */ = {isa = PBXFileReference; explicitFileType = wrapper.cfbundle; includeInIndex = 0; path = okenealsaUITests.xctest; sourceTree = BUILT_PRODUCTS_DIR; };
		ACBF61DD2373B49C003030D4 /* okenealsaUITests.swift */ = {isa = PBXFileReference; lastKnownFileType = sourcecode.swift; path = okenealsaUITests.swift; sourceTree = "<group>"; };
		ACBF61DF2373B49C003030D4 /* Info.plist */ = {isa = PBXFileReference; lastKnownFileType = text.plist.xml; path = Info.plist; sourceTree = "<group>"; };
		DBC8D1221C553085BDD6A9DB /* Pods-okenealsa.debug.xcconfig */ = {isa = PBXFileReference; includeInIndex = 1; lastKnownFileType = text.xcconfig; name = "Pods-okenealsa.debug.xcconfig"; path = "Target Support Files/Pods-okenealsa/Pods-okenealsa.debug.xcconfig"; sourceTree = "<group>"; };
		F1C3F4B03FDD35862D38064D /* Pods_okenealsa.framework */ = {isa = PBXFileReference; explicitFileType = wrapper.framework; includeInIndex = 0; path = Pods_okenealsa.framework; sourceTree = BUILT_PRODUCTS_DIR; };
/* End PBXFileReference section */

/* Begin PBXFrameworksBuildPhase section */
		ACBF61B72373B499003030D4 /* Frameworks */ = {
			isa = PBXFrameworksBuildPhase;
			buildActionMask = 2147483647;
			files = (
				EDBFA03ED5E7ACB928349F65 /* Pods_okenealsa.framework in Frameworks */,
			);
			runOnlyForDeploymentPostprocessing = 0;
		};
		ACBF61CB2373B49C003030D4 /* Frameworks */ = {
			isa = PBXFrameworksBuildPhase;
			buildActionMask = 2147483647;
			files = (
				23FC159E984DB8CA16449290 /* Pods_okenealsaTests.framework in Frameworks */,
			);
			runOnlyForDeploymentPostprocessing = 0;
		};
		ACBF61D62373B49C003030D4 /* Frameworks */ = {
			isa = PBXFrameworksBuildPhase;
			buildActionMask = 2147483647;
			files = (
				D26582D49B8A5D6F06EF166E /* Pods_okenealsa_okenealsaUITests.framework in Frameworks */,
			);
			runOnlyForDeploymentPostprocessing = 0;
		};
/* End PBXFrameworksBuildPhase section */

/* Begin PBXGroup section */
		6A682D1EF99B3471740ADCFC /* Frameworks */ = {
			isa = PBXGroup;
			children = (
				F1C3F4B03FDD35862D38064D /* Pods_okenealsa.framework */,
				139D7B279C290FCD2C568636 /* Pods_okenealsa_okenealsaUITests.framework */,
				7F052F02F27D76C39357CDBA /* Pods_okenealsaTests.framework */,
			);
			name = Frameworks;
			sourceTree = "<group>";
		};
		ACBF61B12373B499003030D4 = {
			isa = PBXGroup;
			children = (
				ACBF61BC2373B499003030D4 /* okenealsa */,
				ACBF61D12373B49C003030D4 /* okenealsaTests */,
				ACBF61DC2373B49C003030D4 /* okenealsaUITests */,
				ACBF61BB2373B499003030D4 /* Products */,
				D86FE11427DE0BFD9131A690 /* Pods */,
				6A682D1EF99B3471740ADCFC /* Frameworks */,
			);
			sourceTree = "<group>";
		};
		ACBF61BB2373B499003030D4 /* Products */ = {
			isa = PBXGroup;
			children = (
				ACBF61BA2373B499003030D4 /* okenealsa.app */,
				ACBF61CE2373B49C003030D4 /* okenealsaTests.xctest */,
				ACBF61D92373B49C003030D4 /* okenealsaUITests.xctest */,
			);
			name = Products;
			sourceTree = "<group>";
		};
		ACBF61BC2373B499003030D4 /* okenealsa */ = {
			isa = PBXGroup;
			children = (
				A53C339B23EF615300C64D68 /* background.jpg */,
				A53C339923EF608300C64D68 /* color.jpg */,
				A53C339F23EF709100C64D68 /* color2.jpg */,
				A53C33A123EF72DE00C64D68 /* color3.jpg */,
				A53C339523EF5F1700C64D68 /* blue_mizutama.jpg */,
				A53C33A523F204E300C64D68 /* parpul_mizutama.jpg */,
				A53C33A723F2064700C64D68 /* delete.jpg */,
				A53C33A323F1B6E300C64D68 /* DeleteController.swift */,
				ACBF61BD2373B499003030D4 /* AppDelegate.swift */,
				A53C339323EF5AA800C64D68 /* addBackground.swift */,
				A5939D0A23E2072100136696 /* FoodExpensesController.swift */,
				ACBF61BF2373B499003030D4 /* ViewController.swift */,
				AC568F74238678B100D480B1 /* InputViewController.swift */,
				A55A9A3823D62FB400DF384E /* MonthGraphController.swift */,
				A55A9A3A23D6336E00DF384E /* MoneyManagementController.swift */,
				A53C339D23EF6F9400C64D68 /* ChoiceController.swift */,
				ACBF61C12373B499003030D4 /* Main.storyboard */,
				ACBF61C42373B49C003030D4 /* Assets.xcassets */,
				ACBF61C62373B49C003030D4 /* LaunchScreen.storyboard */,
				ACBF61C92373B49C003030D4 /* Info.plist */,
			);
			path = okenealsa;
			sourceTree = "<group>";
		};
		ACBF61D12373B49C003030D4 /* okenealsaTests */ = {
			isa = PBXGroup;
			children = (
				ACBF61D22373B49C003030D4 /* okenealsaTests.swift */,
				ACBF61D42373B49C003030D4 /* Info.plist */,
			);
			path = okenealsaTests;
			sourceTree = "<group>";
		};
		ACBF61DC2373B49C003030D4 /* okenealsaUITests */ = {
			isa = PBXGroup;
			children = (
				ACBF61DD2373B49C003030D4 /* okenealsaUITests.swift */,
				ACBF61DF2373B49C003030D4 /* Info.plist */,
			);
			path = okenealsaUITests;
			sourceTree = "<group>";
		};
		D86FE11427DE0BFD9131A690 /* Pods */ = {
			isa = PBXGroup;
			children = (
				DBC8D1221C553085BDD6A9DB /* Pods-okenealsa.debug.xcconfig */,
				43142990BAFFAC4555C60561 /* Pods-okenealsa.release.xcconfig */,
				68A5591F690499BFEDAABBDE /* Pods-okenealsa-okenealsaUITests.debug.xcconfig */,
				7485037A2221908E58623957 /* Pods-okenealsa-okenealsaUITests.release.xcconfig */,
				2484A8326993310768FFB60E /* Pods-okenealsaTests.debug.xcconfig */,
				6D5531C343C345BB19014B90 /* Pods-okenealsaTests.release.xcconfig */,
			);
			path = Pods;
			sourceTree = "<group>";
		};
/* End PBXGroup section */

/* Begin PBXNativeTarget section */
		ACBF61B92373B499003030D4 /* okenealsa */ = {
			isa = PBXNativeTarget;
			buildConfigurationList = ACBF61E22373B49C003030D4 /* Build configuration list for PBXNativeTarget "okenealsa" */;
			buildPhases = (
				67BC5FAC4B08F1D837A7A349 /* [CP] Check Pods Manifest.lock */,
				ACBF61B62373B499003030D4 /* Sources */,
				ACBF61B72373B499003030D4 /* Frameworks */,
				ACBF61B82373B499003030D4 /* Resources */,
				C23A9CB96E7CA9F2C900ED53 /* [CP] Embed Pods Frameworks */,
			);
			buildRules = (
			);
			dependencies = (
			);
			name = okenealsa;
			productName = okenealsa;
			productReference = ACBF61BA2373B499003030D4 /* okenealsa.app */;
			productType = "com.apple.product-type.application";
		};
		ACBF61CD2373B49C003030D4 /* okenealsaTests */ = {
			isa = PBXNativeTarget;
			buildConfigurationList = ACBF61E52373B49C003030D4 /* Build configuration list for PBXNativeTarget "okenealsaTests" */;
			buildPhases = (
				AFCCC2FC8C47EA31FDD33FB4 /* [CP] Check Pods Manifest.lock */,
				ACBF61CA2373B49C003030D4 /* Sources */,
				ACBF61CB2373B49C003030D4 /* Frameworks */,
				ACBF61CC2373B49C003030D4 /* Resources */,
				74E60E867D07C095459EC81B /* [CP] Embed Pods Frameworks */,
			);
			buildRules = (
			);
			dependencies = (
				ACBF61D02373B49C003030D4 /* PBXTargetDependency */,
			);
			name = okenealsaTests;
			productName = okenealsaTests;
			productReference = ACBF61CE2373B49C003030D4 /* okenealsaTests.xctest */;
			productType = "com.apple.product-type.bundle.unit-test";
		};
		ACBF61D82373B49C003030D4 /* okenealsaUITests */ = {
			isa = PBXNativeTarget;
			buildConfigurationList = ACBF61E82373B49C003030D4 /* Build configuration list for PBXNativeTarget "okenealsaUITests" */;
			buildPhases = (
				7B255BD05FCC0BDA5A6E9030 /* [CP] Check Pods Manifest.lock */,
				ACBF61D52373B49C003030D4 /* Sources */,
				ACBF61D62373B49C003030D4 /* Frameworks */,
				ACBF61D72373B49C003030D4 /* Resources */,
				6996D30F0354F33E7312055C /* [CP] Embed Pods Frameworks */,
			);
			buildRules = (
			);
			dependencies = (
				ACBF61DB2373B49C003030D4 /* PBXTargetDependency */,
			);
			name = okenealsaUITests;
			productName = okenealsaUITests;
			productReference = ACBF61D92373B49C003030D4 /* okenealsaUITests.xctest */;
			productType = "com.apple.product-type.bundle.ui-testing";
		};
/* End PBXNativeTarget section */

/* Begin PBXProject section */
		ACBF61B22373B499003030D4 /* Project object */ = {
			isa = PBXProject;
			attributes = {
				KnownAssetTags = (
					inputSpending,
				);
				LastSwiftUpdateCheck = 1030;
				LastUpgradeCheck = 1030;
				ORGANIZATIONNAME = "松岡　隆斗";
				TargetAttributes = {
					ACBF61B92373B499003030D4 = {
						CreatedOnToolsVersion = 10.3;
					};
					ACBF61CD2373B49C003030D4 = {
						CreatedOnToolsVersion = 10.3;
						TestTargetID = ACBF61B92373B499003030D4;
					};
					ACBF61D82373B49C003030D4 = {
						CreatedOnToolsVersion = 10.3;
						TestTargetID = ACBF61B92373B499003030D4;
					};
				};
			};
			buildConfigurationList = ACBF61B52373B499003030D4 /* Build configuration list for PBXProject "okenealsa" */;
			compatibilityVersion = "Xcode 9.3";
			developmentRegion = en;
			hasScannedForEncodings = 0;
			knownRegions = (
				en,
				Base,
			);
			mainGroup = ACBF61B12373B499003030D4;
			productRefGroup = ACBF61BB2373B499003030D4 /* Products */;
			projectDirPath = "";
			projectRoot = "";
			targets = (
				ACBF61B92373B499003030D4 /* okenealsa */,
				ACBF61CD2373B49C003030D4 /* okenealsaTests */,
				ACBF61D82373B49C003030D4 /* okenealsaUITests */,
			);
		};
/* End PBXProject section */

/* Begin PBXResourcesBuildPhase section */
		ACBF61B82373B499003030D4 /* Resources */ = {
			isa = PBXResourcesBuildPhase;
			buildActionMask = 2147483647;
			files = (
				ACBF61C82373B49C003030D4 /* LaunchScreen.storyboard in Resources */,
				A53C33A023EF709100C64D68 /* color2.jpg in Resources */,
				A53C339C23EF615300C64D68 /* background.jpg in Resources */,
				A53C33A223EF72DE00C64D68 /* color3.jpg in Resources */,
				A53C33A623F204E300C64D68 /* parpul_mizutama.jpg in Resources */,
				ACBF61C52373B49C003030D4 /* Assets.xcassets in Resources */,
				A53C339A23EF608300C64D68 /* color.jpg in Resources */,
				ACBF61C32373B499003030D4 /* Main.storyboard in Resources */,
				A53C33A823F2064800C64D68 /* delete.jpg in Resources */,
				A53C339623EF5F1700C64D68 /* blue_mizutama.jpg in Resources */,
			);
			runOnlyForDeploymentPostprocessing = 0;
		};
		ACBF61CC2373B49C003030D4 /* Resources */ = {
			isa = PBXResourcesBuildPhase;
			buildActionMask = 2147483647;
			files = (
			);
			runOnlyForDeploymentPostprocessing = 0;
		};
		ACBF61D72373B49C003030D4 /* Resources */ = {
			isa = PBXResourcesBuildPhase;
			buildActionMask = 2147483647;
			files = (
			);
			runOnlyForDeploymentPostprocessing = 0;
		};
/* End PBXResourcesBuildPhase section */

/* Begin PBXShellScriptBuildPhase section */
		67BC5FAC4B08F1D837A7A349 /* [CP] Check Pods Manifest.lock */ = {
			isa = PBXShellScriptBuildPhase;
			buildActionMask = 2147483647;
			files = (
			);
			inputFileListPaths = (
			);
			inputPaths = (
				"${PODS_PODFILE_DIR_PATH}/Podfile.lock",
				"${PODS_ROOT}/Manifest.lock",
			);
			name = "[CP] Check Pods Manifest.lock";
			outputFileListPaths = (
			);
			outputPaths = (
				"$(DERIVED_FILE_DIR)/Pods-okenealsa-checkManifestLockResult.txt",
			);
			runOnlyForDeploymentPostprocessing = 0;
			shellPath = /bin/sh;
			shellScript = "diff \"${PODS_PODFILE_DIR_PATH}/Podfile.lock\" \"${PODS_ROOT}/Manifest.lock\" > /dev/null\nif [ $? != 0 ] ; then\n    # print error to STDERR\n    echo \"error: The sandbox is not in sync with the Podfile.lock. Run 'pod install' or update your CocoaPods installation.\" >&2\n    exit 1\nfi\n# This output is used by Xcode 'outputs' to avoid re-running this script phase.\necho \"SUCCESS\" > \"${SCRIPT_OUTPUT_FILE_0}\"\n";
			showEnvVarsInLog = 0;
		};
		6996D30F0354F33E7312055C /* [CP] Embed Pods Frameworks */ = {
			isa = PBXShellScriptBuildPhase;
			buildActionMask = 2147483647;
			files = (
			);
			inputFileListPaths = (
				"${PODS_ROOT}/Target Support Files/Pods-okenealsa-okenealsaUITests/Pods-okenealsa-okenealsaUITests-frameworks-${CONFIGURATION}-input-files.xcfilelist",
			);
			name = "[CP] Embed Pods Frameworks";
			outputFileListPaths = (
				"${PODS_ROOT}/Target Support Files/Pods-okenealsa-okenealsaUITests/Pods-okenealsa-okenealsaUITests-frameworks-${CONFIGURATION}-output-files.xcfilelist",
			);
			runOnlyForDeploymentPostprocessing = 0;
			shellPath = /bin/sh;
			shellScript = "\"${PODS_ROOT}/Target Support Files/Pods-okenealsa-okenealsaUITests/Pods-okenealsa-okenealsaUITests-frameworks.sh\"\n";
			showEnvVarsInLog = 0;
		};
		74E60E867D07C095459EC81B /* [CP] Embed Pods Frameworks */ = {
			isa = PBXShellScriptBuildPhase;
			buildActionMask = 2147483647;
			files = (
			);
			inputFileListPaths = (
				"${PODS_ROOT}/Target Support Files/Pods-okenealsaTests/Pods-okenealsaTests-frameworks-${CONFIGURATION}-input-files.xcfilelist",
			);
			name = "[CP] Embed Pods Frameworks";
			outputFileListPaths = (
				"${PODS_ROOT}/Target Support Files/Pods-okenealsaTests/Pods-okenealsaTests-frameworks-${CONFIGURATION}-output-files.xcfilelist",
			);
			runOnlyForDeploymentPostprocessing = 0;
			shellPath = /bin/sh;
			shellScript = "\"${PODS_ROOT}/Target Support Files/Pods-okenealsaTests/Pods-okenealsaTests-frameworks.sh\"\n";
			showEnvVarsInLog = 0;
		};
		7B255BD05FCC0BDA5A6E9030 /* [CP] Check Pods Manifest.lock */ = {
			isa = PBXShellScriptBuildPhase;
			buildActionMask = 2147483647;
			files = (
			);
			inputFileListPaths = (
			);
			inputPaths = (
				"${PODS_PODFILE_DIR_PATH}/Podfile.lock",
				"${PODS_ROOT}/Manifest.lock",
			);
			name = "[CP] Check Pods Manifest.lock";
			outputFileListPaths = (
			);
			outputPaths = (
				"$(DERIVED_FILE_DIR)/Pods-okenealsa-okenealsaUITests-checkManifestLockResult.txt",
			);
			runOnlyForDeploymentPostprocessing = 0;
			shellPath = /bin/sh;
			shellScript = "diff \"${PODS_PODFILE_DIR_PATH}/Podfile.lock\" \"${PODS_ROOT}/Manifest.lock\" > /dev/null\nif [ $? != 0 ] ; then\n    # print error to STDERR\n    echo \"error: The sandbox is not in sync with the Podfile.lock. Run 'pod install' or update your CocoaPods installation.\" >&2\n    exit 1\nfi\n# This output is used by Xcode 'outputs' to avoid re-running this script phase.\necho \"SUCCESS\" > \"${SCRIPT_OUTPUT_FILE_0}\"\n";
			showEnvVarsInLog = 0;
		};
		AFCCC2FC8C47EA31FDD33FB4 /* [CP] Check Pods Manifest.lock */ = {
			isa = PBXShellScriptBuildPhase;
			buildActionMask = 2147483647;
			files = (
			);
			inputFileListPaths = (
			);
			inputPaths = (
				"${PODS_PODFILE_DIR_PATH}/Podfile.lock",
				"${PODS_ROOT}/Manifest.lock",
			);
			name = "[CP] Check Pods Manifest.lock";
			outputFileListPaths = (
			);
			outputPaths = (
				"$(DERIVED_FILE_DIR)/Pods-okenealsaTests-checkManifestLockResult.txt",
			);
			runOnlyForDeploymentPostprocessing = 0;
			shellPath = /bin/sh;
			shellScript = "diff \"${PODS_PODFILE_DIR_PATH}/Podfile.lock\" \"${PODS_ROOT}/Manifest.lock\" > /dev/null\nif [ $? != 0 ] ; then\n    # print error to STDERR\n    echo \"error: The sandbox is not in sync with the Podfile.lock. Run 'pod install' or update your CocoaPods installation.\" >&2\n    exit 1\nfi\n# This output is used by Xcode 'outputs' to avoid re-running this script phase.\necho \"SUCCESS\" > \"${SCRIPT_OUTPUT_FILE_0}\"\n";
			showEnvVarsInLog = 0;
		};
		C23A9CB96E7CA9F2C900ED53 /* [CP] Embed Pods Frameworks */ = {
			isa = PBXShellScriptBuildPhase;
			buildActionMask = 2147483647;
			files = (
			);
			inputFileListPaths = (
				"${PODS_ROOT}/Target Support Files/Pods-okenealsa/Pods-okenealsa-frameworks-${CONFIGURATION}-input-files.xcfilelist",
			);
			name = "[CP] Embed Pods Frameworks";
			outputFileListPaths = (
				"${PODS_ROOT}/Target Support Files/Pods-okenealsa/Pods-okenealsa-frameworks-${CONFIGURATION}-output-files.xcfilelist",
			);
			runOnlyForDeploymentPostprocessing = 0;
			shellPath = /bin/sh;
			shellScript = "\"${PODS_ROOT}/Target Support Files/Pods-okenealsa/Pods-okenealsa-frameworks.sh\"\n";
			showEnvVarsInLog = 0;
		};
/* End PBXShellScriptBuildPhase section */

/* Begin PBXSourcesBuildPhase section */
		ACBF61B62373B499003030D4 /* Sources */ = {
			isa = PBXSourcesBuildPhase;
			buildActionMask = 2147483647;
			files = (
				A53C339423EF5AA800C64D68 /* addBackground.swift in Sources */,
				AC568F75238678B100D480B1 /* InputViewController.swift in Sources */,
				A55A9A3B23D6336E00DF384E /* MoneyManagementController.swift in Sources */,
				A55A9A3923D62FB400DF384E /* MonthGraphController.swift in Sources */,
				A53C339E23EF6F9400C64D68 /* ChoiceController.swift in Sources */,
				ACBF61C02373B499003030D4 /* ViewController.swift in Sources */,
				A5939D0B23E2072100136696 /* FoodExpensesController.swift in Sources */,
				A53C33A423F1B6E300C64D68 /* DeleteController.swift in Sources */,
				ACBF61BE2373B499003030D4 /* AppDelegate.swift in Sources */,
			);
			runOnlyForDeploymentPostprocessing = 0;
		};
		ACBF61CA2373B49C003030D4 /* Sources */ = {
			isa = PBXSourcesBuildPhase;
			buildActionMask = 2147483647;
			files = (
				ACBF61D32373B49C003030D4 /* okenealsaTests.swift in Sources */,
			);
			runOnlyForDeploymentPostprocessing = 0;
		};
		ACBF61D52373B49C003030D4 /* Sources */ = {
			isa = PBXSourcesBuildPhase;
			buildActionMask = 2147483647;
			files = (
				ACBF61DE2373B49C003030D4 /* okenealsaUITests.swift in Sources */,
			);
			runOnlyForDeploymentPostprocessing = 0;
		};
/* End PBXSourcesBuildPhase section */

/* Begin PBXTargetDependency section */
		ACBF61D02373B49C003030D4 /* PBXTargetDependency */ = {
			isa = PBXTargetDependency;
			target = ACBF61B92373B499003030D4 /* okenealsa */;
			targetProxy = ACBF61CF2373B49C003030D4 /* PBXContainerItemProxy */;
		};
		ACBF61DB2373B49C003030D4 /* PBXTargetDependency */ = {
			isa = PBXTargetDependency;
			target = ACBF61B92373B499003030D4 /* okenealsa */;
			targetProxy = ACBF61DA2373B49C003030D4 /* PBXContainerItemProxy */;
		};
/* End PBXTargetDependency section */

/* Begin PBXVariantGroup section */
		ACBF61C12373B499003030D4 /* Main.storyboard */ = {
			isa = PBXVariantGroup;
			children = (
				ACBF61C22373B499003030D4 /* Base */,
			);
			name = Main.storyboard;
			sourceTree = "<group>";
		};
		ACBF61C62373B49C003030D4 /* LaunchScreen.storyboard */ = {
			isa = PBXVariantGroup;
			children = (
				ACBF61C72373B49C003030D4 /* Base */,
			);
			name = LaunchScreen.storyboard;
			sourceTree = "<group>";
		};
/* End PBXVariantGroup section */

/* Begin XCBuildConfiguration section */
		ACBF61E02373B49C003030D4 /* Debug */ = {
			isa = XCBuildConfiguration;
			buildSettings = {
				ALWAYS_SEARCH_USER_PATHS = NO;
				CLANG_ANALYZER_NONNULL = YES;
				CLANG_ANALYZER_NUMBER_OBJECT_CONVERSION = YES_AGGRESSIVE;
				CLANG_CXX_LANGUAGE_STANDARD = "gnu++14";
				CLANG_CXX_LIBRARY = "libc++";
				CLANG_ENABLE_MODULES = YES;
				CLANG_ENABLE_OBJC_ARC = YES;
				CLANG_ENABLE_OBJC_WEAK = YES;
				CLANG_WARN_BLOCK_CAPTURE_AUTORELEASING = YES;
				CLANG_WARN_BOOL_CONVERSION = YES;
				CLANG_WARN_COMMA = YES;
				CLANG_WARN_CONSTANT_CONVERSION = YES;
				CLANG_WARN_DEPRECATED_OBJC_IMPLEMENTATIONS = YES;
				CLANG_WARN_DIRECT_OBJC_ISA_USAGE = YES_ERROR;
				CLANG_WARN_DOCUMENTATION_COMMENTS = YES;
				CLANG_WARN_EMPTY_BODY = YES;
				CLANG_WARN_ENUM_CONVERSION = YES;
				CLANG_WARN_INFINITE_RECURSION = YES;
				CLANG_WARN_INT_CONVERSION = YES;
				CLANG_WARN_NON_LITERAL_NULL_CONVERSION = YES;
				CLANG_WARN_OBJC_IMPLICIT_RETAIN_SELF = YES;
				CLANG_WARN_OBJC_LITERAL_CONVERSION = YES;
				CLANG_WARN_OBJC_ROOT_CLASS = YES_ERROR;
				CLANG_WARN_RANGE_LOOP_ANALYSIS = YES;
				CLANG_WARN_STRICT_PROTOTYPES = YES;
				CLANG_WARN_SUSPICIOUS_MOVE = YES;
				CLANG_WARN_UNGUARDED_AVAILABILITY = YES_AGGRESSIVE;
				CLANG_WARN_UNREACHABLE_CODE = YES;
				CLANG_WARN__DUPLICATE_METHOD_MATCH = YES;
				CODE_SIGN_IDENTITY = "iPhone Developer";
				COPY_PHASE_STRIP = NO;
				DEBUG_INFORMATION_FORMAT = dwarf;
				ENABLE_STRICT_OBJC_MSGSEND = YES;
				ENABLE_TESTABILITY = YES;
				GCC_C_LANGUAGE_STANDARD = gnu11;
				GCC_DYNAMIC_NO_PIC = NO;
				GCC_NO_COMMON_BLOCKS = YES;
				GCC_OPTIMIZATION_LEVEL = 0;
				GCC_PREPROCESSOR_DEFINITIONS = (
					"DEBUG=1",
					"$(inherited)",
				);
				GCC_WARN_64_TO_32_BIT_CONVERSION = YES;
				GCC_WARN_ABOUT_RETURN_TYPE = YES_ERROR;
				GCC_WARN_UNDECLARED_SELECTOR = YES;
				GCC_WARN_UNINITIALIZED_AUTOS = YES_AGGRESSIVE;
				GCC_WARN_UNUSED_FUNCTION = YES;
				GCC_WARN_UNUSED_VARIABLE = YES;
				IPHONEOS_DEPLOYMENT_TARGET = 12.4;
				MTL_ENABLE_DEBUG_INFO = INCLUDE_SOURCE;
				MTL_FAST_MATH = YES;
				ONLY_ACTIVE_ARCH = YES;
				SDKROOT = iphoneos;
				SWIFT_ACTIVE_COMPILATION_CONDITIONS = DEBUG;
				SWIFT_OPTIMIZATION_LEVEL = "-Onone";
			};
			name = Debug;
		};
		ACBF61E12373B49C003030D4 /* Release */ = {
			isa = XCBuildConfiguration;
			buildSettings = {
				ALWAYS_SEARCH_USER_PATHS = NO;
				CLANG_ANALYZER_NONNULL = YES;
				CLANG_ANALYZER_NUMBER_OBJECT_CONVERSION = YES_AGGRESSIVE;
				CLANG_CXX_LANGUAGE_STANDARD = "gnu++14";
				CLANG_CXX_LIBRARY = "libc++";
				CLANG_ENABLE_MODULES = YES;
				CLANG_ENABLE_OBJC_ARC = YES;
				CLANG_ENABLE_OBJC_WEAK = YES;
				CLANG_WARN_BLOCK_CAPTURE_AUTORELEASING = YES;
				CLANG_WARN_BOOL_CONVERSION = YES;
				CLANG_WARN_COMMA = YES;
				CLANG_WARN_CONSTANT_CONVERSION = YES;
				CLANG_WARN_DEPRECATED_OBJC_IMPLEMENTATIONS = YES;
				CLANG_WARN_DIRECT_OBJC_ISA_USAGE = YES_ERROR;
				CLANG_WARN_DOCUMENTATION_COMMENTS = YES;
				CLANG_WARN_EMPTY_BODY = YES;
				CLANG_WARN_ENUM_CONVERSION = YES;
				CLANG_WARN_INFINITE_RECURSION = YES;
				CLANG_WARN_INT_CONVERSION = YES;
				CLANG_WARN_NON_LITERAL_NULL_CONVERSION = YES;
				CLANG_WARN_OBJC_IMPLICIT_RETAIN_SELF = YES;
				CLANG_WARN_OBJC_LITERAL_CONVERSION = YES;
				CLANG_WARN_OBJC_ROOT_CLASS = YES_ERROR;
				CLANG_WARN_RANGE_LOOP_ANALYSIS = YES;
				CLANG_WARN_STRICT_PROTOTYPES = YES;
				CLANG_WARN_SUSPICIOUS_MOVE = YES;
				CLANG_WARN_UNGUARDED_AVAILABILITY = YES_AGGRESSIVE;
				CLANG_WARN_UNREACHABLE_CODE = YES;
				CLANG_WARN__DUPLICATE_METHOD_MATCH = YES;
				CODE_SIGN_IDENTITY = "iPhone Developer";
				COPY_PHASE_STRIP = NO;
				DEBUG_INFORMATION_FORMAT = "dwarf-with-dsym";
				ENABLE_NS_ASSERTIONS = NO;
				ENABLE_STRICT_OBJC_MSGSEND = YES;
				GCC_C_LANGUAGE_STANDARD = gnu11;
				GCC_NO_COMMON_BLOCKS = YES;
				GCC_WARN_64_TO_32_BIT_CONVERSION = YES;
				GCC_WARN_ABOUT_RETURN_TYPE = YES_ERROR;
				GCC_WARN_UNDECLARED_SELECTOR = YES;
				GCC_WARN_UNINITIALIZED_AUTOS = YES_AGGRESSIVE;
				GCC_WARN_UNUSED_FUNCTION = YES;
				GCC_WARN_UNUSED_VARIABLE = YES;
				IPHONEOS_DEPLOYMENT_TARGET = 12.4;
				MTL_ENABLE_DEBUG_INFO = NO;
				MTL_FAST_MATH = YES;
				SDKROOT = iphoneos;
				SWIFT_COMPILATION_MODE = wholemodule;
				SWIFT_OPTIMIZATION_LEVEL = "-O";
				VALIDATE_PRODUCT = YES;
			};
			name = Release;
		};
		ACBF61E32373B49C003030D4 /* Debug */ = {
			isa = XCBuildConfiguration;
			baseConfigurationReference = DBC8D1221C553085BDD6A9DB /* Pods-okenealsa.debug.xcconfig */;
			buildSettings = {
				ASSETCATALOG_COMPILER_APPICON_NAME = AppIcon;
				CODE_SIGN_STYLE = Automatic;
				INFOPLIST_FILE = okenealsa/Info.plist;
				LD_RUNPATH_SEARCH_PATHS = (
					"$(inherited)",
					"@executable_path/Frameworks",
				);
				PRODUCT_BUNDLE_IDENTIFIER = okanealsa.okenealsa;
				PRODUCT_NAME = "$(TARGET_NAME)";
				SWIFT_VERSION = 5.0;
				TARGETED_DEVICE_FAMILY = "1,2";
			};
			name = Debug;
		};
		ACBF61E42373B49C003030D4 /* Release */ = {
			isa = XCBuildConfiguration;
			baseConfigurationReference = 43142990BAFFAC4555C60561 /* Pods-okenealsa.release.xcconfig */;
			buildSettings = {
				ASSETCATALOG_COMPILER_APPICON_NAME = AppIcon;
				CODE_SIGN_STYLE = Automatic;
				INFOPLIST_FILE = okenealsa/Info.plist;
				LD_RUNPATH_SEARCH_PATHS = (
					"$(inherited)",
					"@executable_path/Frameworks",
				);
				PRODUCT_BUNDLE_IDENTIFIER = okanealsa.okenealsa;
				PRODUCT_NAME = "$(TARGET_NAME)";
				SWIFT_VERSION = 5.0;
				TARGETED_DEVICE_FAMILY = "1,2";
			};
			name = Release;
		};
		ACBF61E62373B49C003030D4 /* Debug */ = {
			isa = XCBuildConfiguration;
			baseConfigurationReference = 2484A8326993310768FFB60E /* Pods-okenealsaTests.debug.xcconfig */;
			buildSettings = {
				ALWAYS_EMBED_SWIFT_STANDARD_LIBRARIES = YES;
				BUNDLE_LOADER = "$(TEST_HOST)";
				CODE_SIGN_STYLE = Automatic;
				INFOPLIST_FILE = okenealsaTests/Info.plist;
				LD_RUNPATH_SEARCH_PATHS = (
					"$(inherited)",
					"@executable_path/Frameworks",
					"@loader_path/Frameworks",
				);
				PRODUCT_BUNDLE_IDENTIFIER = okanealsa.okenealsaTests;
				PRODUCT_NAME = "$(TARGET_NAME)";
				SWIFT_VERSION = 5.0;
				TARGETED_DEVICE_FAMILY = "1,2";
				TEST_HOST = "$(BUILT_PRODUCTS_DIR)/okenealsa.app/okenealsa";
			};
			name = Debug;
		};
		ACBF61E72373B49C003030D4 /* Release */ = {
			isa = XCBuildConfiguration;
			baseConfigurationReference = 6D5531C343C345BB19014B90 /* Pods-okenealsaTests.release.xcconfig */;
			buildSettings = {
				ALWAYS_EMBED_SWIFT_STANDARD_LIBRARIES = YES;
				BUNDLE_LOADER = "$(TEST_HOST)";
				CODE_SIGN_STYLE = Automatic;
				INFOPLIST_FILE = okenealsaTests/Info.plist;
				LD_RUNPATH_SEARCH_PATHS = (
					"$(inherited)",
					"@executable_path/Frameworks",
					"@loader_path/Frameworks",
				);
				PRODUCT_BUNDLE_IDENTIFIER = okanealsa.okenealsaTests;
				PRODUCT_NAME = "$(TARGET_NAME)";
				SWIFT_VERSION = 5.0;
				TARGETED_DEVICE_FAMILY = "1,2";
				TEST_HOST = "$(BUILT_PRODUCTS_DIR)/okenealsa.app/okenealsa";
			};
			name = Release;
		};
		ACBF61E92373B49C003030D4 /* Debug */ = {
			isa = XCBuildConfiguration;
			baseConfigurationReference = 68A5591F690499BFEDAABBDE /* Pods-okenealsa-okenealsaUITests.debug.xcconfig */;
			buildSettings = {
				ALWAYS_EMBED_SWIFT_STANDARD_LIBRARIES = YES;
				CODE_SIGN_STYLE = Automatic;
				INFOPLIST_FILE = okenealsaUITests/Info.plist;
				LD_RUNPATH_SEARCH_PATHS = (
					"$(inherited)",
					"@executable_path/Frameworks",
					"@loader_path/Frameworks",
				);
				PRODUCT_BUNDLE_IDENTIFIER = okanealsa.okenealsaUITests;
				PRODUCT_NAME = "$(TARGET_NAME)";
				SWIFT_VERSION = 5.0;
				TARGETED_DEVICE_FAMILY = "1,2";
				TEST_TARGET_NAME = okenealsa;
			};
			name = Debug;
		};
		ACBF61EA2373B49C003030D4 /* Release */ = {
			isa = XCBuildConfiguration;
			baseConfigurationReference = 7485037A2221908E58623957 /* Pods-okenealsa-okenealsaUITests.release.xcconfig */;
			buildSettings = {
				ALWAYS_EMBED_SWIFT_STANDARD_LIBRARIES = YES;
				CODE_SIGN_STYLE = Automatic;
				INFOPLIST_FILE = okenealsaUITests/Info.plist;
				LD_RUNPATH_SEARCH_PATHS = (
					"$(inherited)",
					"@executable_path/Frameworks",
					"@loader_path/Frameworks",
				);
				PRODUCT_BUNDLE_IDENTIFIER = okanealsa.okenealsaUITests;
				PRODUCT_NAME = "$(TARGET_NAME)";
				SWIFT_VERSION = 5.0;
				TARGETED_DEVICE_FAMILY = "1,2";
				TEST_TARGET_NAME = okenealsa;
			};
			name = Release;
		};
/* End XCBuildConfiguration section */

/* Begin XCConfigurationList section */
		ACBF61B52373B499003030D4 /* Build configuration list for PBXProject "okenealsa" */ = {
			isa = XCConfigurationList;
			buildConfigurations = (
				ACBF61E02373B49C003030D4 /* Debug */,
				ACBF61E12373B49C003030D4 /* Release */,
			);
			defaultConfigurationIsVisible = 0;
			defaultConfigurationName = Release;
		};
		ACBF61E22373B49C003030D4 /* Build configuration list for PBXNativeTarget "okenealsa" */ = {
			isa = XCConfigurationList;
			buildConfigurations = (
				ACBF61E32373B49C003030D4 /* Debug */,
				ACBF61E42373B49C003030D4 /* Release */,
			);
			defaultConfigurationIsVisible = 0;
			defaultConfigurationName = Release;
		};
		ACBF61E52373B49C003030D4 /* Build configuration list for PBXNativeTarget "okenealsaTests" */ = {
			isa = XCConfigurationList;
			buildConfigurations = (
				ACBF61E62373B49C003030D4 /* Debug */,
				ACBF61E72373B49C003030D4 /* Release */,
			);
			defaultConfigurationIsVisible = 0;
			defaultConfigurationName = Release;
		};
		ACBF61E82373B49C003030D4 /* Build configuration list for PBXNativeTarget "okenealsaUITests" */ = {
			isa = XCConfigurationList;
			buildConfigurations = (
				ACBF61E92373B49C003030D4 /* Debug */,
				ACBF61EA2373B49C003030D4 /* Release */,
			);
			defaultConfigurationIsVisible = 0;
			defaultConfigurationName = Release;
		};
/* End XCConfigurationList section */
	};
	rootObject = ACBF61B22373B499003030D4 /* Project object */;
}
